<?xml version="1.0" encoding="utf-8"?>
<Project ToolsVersion="17.0" xmlns="http://schemas.microsoft.com/developer/msbuild/2003">
  <ItemGroup>
    <CustomBuild Include="C:\Users\Benno111\Documents\GitHub\xdBot\build\CMakeFiles\a14c39b7ed5d271f90a7984e646cb94d\xdBot2_PACKAGE.rule">
      <Filter>CMake Rules</Filter>
    </CustomBuild>
    <CustomBuild Include="C:\Users\Benno111\Documents\GitHub\xdBot\CMakeLists.txt" />
  </ItemGroup>
  <ItemGroup>
    <None Include="C:\Users\Benno111\Documents\GitHub\xdBot\build\CMakeFiles\xdBot2_PACKAGE" />
  </ItemGroup>
  <ItemGroup>
    <Filter Include="CMake Rules">
      <UniqueIdentifier>{B0B8782A-6A3C-31B5-AC02-99B2C3ED6461}</UniqueIdentifier>
    </Filter>
  </ItemGroup>
</Project>
