<?xml version="1.0" encoding="utf-8"?>
<Project ToolsVersion="17.0" xmlns="http://schemas.microsoft.com/developer/msbuild/2003">
  <ItemGroup>
    <CustomBuild Include="C:\Users\Benno111\Documents\GitHub\xdBot\build\CMakeFiles\7ea2ed89d05969f68948b63c6637e224\INSTALL_force.rule">
      <Filter>CMake Rules</Filter>
    </CustomBuild>
  </ItemGroup>
  <ItemGroup>
    <Filter Include="CMake Rules">
      <UniqueIdentifier>{B0B8782A-6A3C-31B5-AC02-99B2C3ED6461}</UniqueIdentifier>
    </Filter>
  </ItemGroup>
</Project>
